
Microsoft Visual Studio Solution File, Format Version 12.00
# Visual Studio Version 16
VisualStudioVersion = 16.0.30406.217
MinimumVisualStudioVersion = 10.0.40219.1
Project("{FAE04EC0-301F-11D3-BF4B-00C04F79EFBC}") = "HelloWorld", "HelloWorld\HelloWorld.csproj", "{E90428EC-60F9-43FD-BAD3-B7868006CF55}"
EndProject
Project("{FAE04EC0-301F-11D3-BF4B-00C04F79EFBC}") = "Lesson2", "Lesson2\Lesson2.csproj", "{1745AD6D-F601-482B-A993-896A99CB5B13}"
EndProject
Project("{FAE04EC0-301F-11D3-BF4B-00C04F79EFBC}") = "ConsoleApp1", "ConsoleApp1\ConsoleApp1.csproj", "{DBDB0653-AEEC-4851-B6CD-2545939726B3}"
EndProject
Project("{FAE04EC0-301F-11D3-BF4B-00C04F79EFBC}") = "Exceptions", "Exceptions\Exceptions.csproj", "{96F28984-6220-40FA-9B25-0330E4A6B953}"
EndProject
Project("{FAE04EC0-301F-11D3-BF4B-00C04F79EFBC}") = "Namespase", "Namespase\Namespase.csproj", "{B8465F55-BCC7-46F0-8C82-42BA020EEAE2}"
EndProject
Project("{FAE04EC0-301F-11D3-BF4B-00C04F79EFBC}") = "Bankomat", "Bankomat\Bankomat.csproj", "{D7332F9E-B863-48BD-BAEF-CEDFCA46A556}"
EndProject
Project("{FAE04EC0-301F-11D3-BF4B-00C04F79EFBC}") = "Operator", "Operator\Operator.csproj", "{6B8CB51D-7DD1-4678-8651-B2473540B488}"
EndProject
Project("{FAE04EC0-301F-11D3-BF4B-00C04F79EFBC}") = "Operator2", "Operator2\Operator2.csproj", "{E89FF1EB-09E2-40D1-BE48-CB3F689D4542}"
EndProject
Project("{FAE04EC0-301F-11D3-BF4B-00C04F79EFBC}") = "Indexator", "Indexator\Indexator.csproj", "{1F14D3E7-EAC1-4DDE-A2CF-6BF16C2041C2}"
EndProject
Project("{FAE04EC0-301F-11D3-BF4B-00C04F79EFBC}") = "Inheritanse-Polimorphism", "Inheritanse\Inheritanse-Polimorphism.csproj", "{BDE66130-9960-4F02-8B0C-346E114F67A8}"
EndProject
Project("{FAE04EC0-301F-11D3-BF4B-00C04F79EFBC}") = "Polimorphism", "Polimorphism\Polimorphism.csproj", "{778E79C5-9337-4714-8CDA-0220024FC9E3}"
EndProject
Project("{FAE04EC0-301F-11D3-BF4B-00C04F79EFBC}") = "Interface", "Interface\Interface.csproj", "{4EAF5201-F723-4AF4-ABF2-B53C814B5CBE}"
EndProject
Project("{FAE04EC0-301F-11D3-BF4B-00C04F79EFBC}") = "InterfaceStudent", "InterfaceStudent\InterfaceStudent.csproj", "{132D99D8-D459-4019-A1F9-A649053F09BC}"
EndProject
Project("{FAE04EC0-301F-11D3-BF4B-00C04F79EFBC}") = "LabInterface", "LabInterface\LabInterface.csproj", "{6A25F171-BFE8-4FD0-99AD-2D388EF08C4C}"
EndProject
Project("{FAE04EC0-301F-11D3-BF4B-00C04F79EFBC}") = "File", "File\File.csproj", "{A496BE39-01F1-4D8C-AED9-3456B3C95202}"
EndProject
Project("{FAE04EC0-301F-11D3-BF4B-00C04F79EFBC}") = "GenericCollectionList", "GenericCollectionList\GenericCollectionList.csproj", "{07968B5D-93D4-4224-9360-53687B0EA674}"
EndProject
Project("{FAE04EC0-301F-11D3-BF4B-00C04F79EFBC}") = "GenericCollectionTest", "GenericCollectionTest\GenericCollectionTest.csproj", "{B8C264B6-7C50-4413-8DBA-6589FF3900E7}"
EndProject
Project("{FAE04EC0-301F-11D3-BF4B-00C04F79EFBC}") = "LabGeneric", "LabGeneric\LabGeneric.csproj", "{A69ED6AE-2F9B-46C2-A7BB-8DD0F5C68AF3}"
EndProject
Project("{FAE04EC0-301F-11D3-BF4B-00C04F79EFBC}") = "Delegate", "Delegate\Delegate.csproj", "{2F3AA6B1-37DA-4FA9-93A1-53CD99AEA3B2}"
EndProject
Project("{FAE04EC0-301F-11D3-BF4B-00C04F79EFBC}") = "DelegateEvent", "DelegateEvent\DelegateEvent.csproj", "{503687DB-8A80-4CAF-A8B9-C6F2736F8784}"
EndProject
Project("{FAE04EC0-301F-11D3-BF4B-00C04F79EFBC}") = "DelegateEventTest", "DelegateEventTest\DelegateEventTest.csproj", "{5DBF097B-94A7-42B3-8B19-58188295DEC7}"
EndProject
Global
	GlobalSection(SolutionConfigurationPlatforms) = preSolution
		Debug|Any CPU = Debug|Any CPU
		Debug|x64 = Debug|x64
		Debug|x86 = Debug|x86
		Release|Any CPU = Release|Any CPU
		Release|x64 = Release|x64
		Release|x86 = Release|x86
	EndGlobalSection
	GlobalSection(ProjectConfigurationPlatforms) = postSolution
		{E90428EC-60F9-43FD-BAD3-B7868006CF55}.Debug|Any CPU.ActiveCfg = Debug|Any CPU
		{E90428EC-60F9-43FD-BAD3-B7868006CF55}.Debug|Any CPU.Build.0 = Debug|Any CPU
		{E90428EC-60F9-43FD-BAD3-B7868006CF55}.Debug|x64.ActiveCfg = Debug|Any CPU
		{E90428EC-60F9-43FD-BAD3-B7868006CF55}.Debug|x64.Build.0 = Debug|Any CPU
		{E90428EC-60F9-43FD-BAD3-B7868006CF55}.Debug|x86.ActiveCfg = Debug|Any CPU
		{E90428EC-60F9-43FD-BAD3-B7868006CF55}.Debug|x86.Build.0 = Debug|Any CPU
		{E90428EC-60F9-43FD-BAD3-B7868006CF55}.Release|Any CPU.ActiveCfg = Release|Any CPU
		{E90428EC-60F9-43FD-BAD3-B7868006CF55}.Release|Any CPU.Build.0 = Release|Any CPU
		{E90428EC-60F9-43FD-BAD3-B7868006CF55}.Release|x64.ActiveCfg = Release|Any CPU
		{E90428EC-60F9-43FD-BAD3-B7868006CF55}.Release|x64.Build.0 = Release|Any CPU
		{E90428EC-60F9-43FD-BAD3-B7868006CF55}.Release|x86.ActiveCfg = Release|Any CPU
		{E90428EC-60F9-43FD-BAD3-B7868006CF55}.Release|x86.Build.0 = Release|Any CPU
		{1745AD6D-F601-482B-A993-896A99CB5B13}.Debug|Any CPU.ActiveCfg = Debug|Any CPU
		{1745AD6D-F601-482B-A993-896A99CB5B13}.Debug|Any CPU.Build.0 = Debug|Any CPU
		{1745AD6D-F601-482B-A993-896A99CB5B13}.Debug|x64.ActiveCfg = Debug|Any CPU
		{1745AD6D-F601-482B-A993-896A99CB5B13}.Debug|x64.Build.0 = Debug|Any CPU
		{1745AD6D-F601-482B-A993-896A99CB5B13}.Debug|x86.ActiveCfg = Debug|Any CPU
		{1745AD6D-F601-482B-A993-896A99CB5B13}.Debug|x86.Build.0 = Debug|Any CPU
		{1745AD6D-F601-482B-A993-896A99CB5B13}.Release|Any CPU.ActiveCfg = Release|Any CPU
		{1745AD6D-F601-482B-A993-896A99CB5B13}.Release|Any CPU.Build.0 = Release|Any CPU
		{1745AD6D-F601-482B-A993-896A99CB5B13}.Release|x64.ActiveCfg = Release|Any CPU
		{1745AD6D-F601-482B-A993-896A99CB5B13}.Release|x64.Build.0 = Release|Any CPU
		{1745AD6D-F601-482B-A993-896A99CB5B13}.Release|x86.ActiveCfg = Release|Any CPU
		{1745AD6D-F601-482B-A993-896A99CB5B13}.Release|x86.Build.0 = Release|Any CPU
		{DBDB0653-AEEC-4851-B6CD-2545939726B3}.Debug|Any CPU.ActiveCfg = Debug|Any CPU
		{DBDB0653-AEEC-4851-B6CD-2545939726B3}.Debug|Any CPU.Build.0 = Debug|Any CPU
		{DBDB0653-AEEC-4851-B6CD-2545939726B3}.Debug|x64.ActiveCfg = Debug|Any CPU
		{DBDB0653-AEEC-4851-B6CD-2545939726B3}.Debug|x64.Build.0 = Debug|Any CPU
		{DBDB0653-AEEC-4851-B6CD-2545939726B3}.Debug|x86.ActiveCfg = Debug|Any CPU
		{DBDB0653-AEEC-4851-B6CD-2545939726B3}.Debug|x86.Build.0 = Debug|Any CPU
		{DBDB0653-AEEC-4851-B6CD-2545939726B3}.Release|Any CPU.ActiveCfg = Release|Any CPU
		{DBDB0653-AEEC-4851-B6CD-2545939726B3}.Release|Any CPU.Build.0 = Release|Any CPU
		{DBDB0653-AEEC-4851-B6CD-2545939726B3}.Release|x64.ActiveCfg = Release|Any CPU
		{DBDB0653-AEEC-4851-B6CD-2545939726B3}.Release|x64.Build.0 = Release|Any CPU
		{DBDB0653-AEEC-4851-B6CD-2545939726B3}.Release|x86.ActiveCfg = Release|Any CPU
		{DBDB0653-AEEC-4851-B6CD-2545939726B3}.Release|x86.Build.0 = Release|Any CPU
		{96F28984-6220-40FA-9B25-0330E4A6B953}.Debug|Any CPU.ActiveCfg = Debug|Any CPU
		{96F28984-6220-40FA-9B25-0330E4A6B953}.Debug|Any CPU.Build.0 = Debug|Any CPU
		{96F28984-6220-40FA-9B25-0330E4A6B953}.Debug|x64.ActiveCfg = Debug|Any CPU
		{96F28984-6220-40FA-9B25-0330E4A6B953}.Debug|x64.Build.0 = Debug|Any CPU
		{96F28984-6220-40FA-9B25-0330E4A6B953}.Debug|x86.ActiveCfg = Debug|Any CPU
		{96F28984-6220-40FA-9B25-0330E4A6B953}.Debug|x86.Build.0 = Debug|Any CPU
		{96F28984-6220-40FA-9B25-0330E4A6B953}.Release|Any CPU.ActiveCfg = Release|Any CPU
		{96F28984-6220-40FA-9B25-0330E4A6B953}.Release|Any CPU.Build.0 = Release|Any CPU
		{96F28984-6220-40FA-9B25-0330E4A6B953}.Release|x64.ActiveCfg = Release|Any CPU
		{96F28984-6220-40FA-9B25-0330E4A6B953}.Release|x64.Build.0 = Release|Any CPU
		{96F28984-6220-40FA-9B25-0330E4A6B953}.Release|x86.ActiveCfg = Release|Any CPU
		{96F28984-6220-40FA-9B25-0330E4A6B953}.Release|x86.Build.0 = Release|Any CPU
		{B8465F55-BCC7-46F0-8C82-42BA020EEAE2}.Debug|Any CPU.ActiveCfg = Debug|Any CPU
		{B8465F55-BCC7-46F0-8C82-42BA020EEAE2}.Debug|Any CPU.Build.0 = Debug|Any CPU
		{B8465F55-BCC7-46F0-8C82-42BA020EEAE2}.Debug|x64.ActiveCfg = Debug|Any CPU
		{B8465F55-BCC7-46F0-8C82-42BA020EEAE2}.Debug|x64.Build.0 = Debug|Any CPU
		{B8465F55-BCC7-46F0-8C82-42BA020EEAE2}.Debug|x86.ActiveCfg = Debug|Any CPU
		{B8465F55-BCC7-46F0-8C82-42BA020EEAE2}.Debug|x86.Build.0 = Debug|Any CPU
		{B8465F55-BCC7-46F0-8C82-42BA020EEAE2}.Release|Any CPU.ActiveCfg = Release|Any CPU
		{B8465F55-BCC7-46F0-8C82-42BA020EEAE2}.Release|Any CPU.Build.0 = Release|Any CPU
		{B8465F55-BCC7-46F0-8C82-42BA020EEAE2}.Release|x64.ActiveCfg = Release|Any CPU
		{B8465F55-BCC7-46F0-8C82-42BA020EEAE2}.Release|x64.Build.0 = Release|Any CPU
		{B8465F55-BCC7-46F0-8C82-42BA020EEAE2}.Release|x86.ActiveCfg = Release|Any CPU
		{B8465F55-BCC7-46F0-8C82-42BA020EEAE2}.Release|x86.Build.0 = Release|Any CPU
		{D7332F9E-B863-48BD-BAEF-CEDFCA46A556}.Debug|Any CPU.ActiveCfg = Debug|Any CPU
		{D7332F9E-B863-48BD-BAEF-CEDFCA46A556}.Debug|Any CPU.Build.0 = Debug|Any CPU
		{D7332F9E-B863-48BD-BAEF-CEDFCA46A556}.Debug|x64.ActiveCfg = Debug|Any CPU
		{D7332F9E-B863-48BD-BAEF-CEDFCA46A556}.Debug|x64.Build.0 = Debug|Any CPU
		{D7332F9E-B863-48BD-BAEF-CEDFCA46A556}.Debug|x86.ActiveCfg = Debug|Any CPU
		{D7332F9E-B863-48BD-BAEF-CEDFCA46A556}.Debug|x86.Build.0 = Debug|Any CPU
		{D7332F9E-B863-48BD-BAEF-CEDFCA46A556}.Release|Any CPU.ActiveCfg = Release|Any CPU
		{D7332F9E-B863-48BD-BAEF-CEDFCA46A556}.Release|Any CPU.Build.0 = Release|Any CPU
		{D7332F9E-B863-48BD-BAEF-CEDFCA46A556}.Release|x64.ActiveCfg = Release|Any CPU
		{D7332F9E-B863-48BD-BAEF-CEDFCA46A556}.Release|x64.Build.0 = Release|Any CPU
		{D7332F9E-B863-48BD-BAEF-CEDFCA46A556}.Release|x86.ActiveCfg = Release|Any CPU
		{D7332F9E-B863-48BD-BAEF-CEDFCA46A556}.Release|x86.Build.0 = Release|Any CPU
		{6B8CB51D-7DD1-4678-8651-B2473540B488}.Debug|Any CPU.ActiveCfg = Debug|Any CPU
		{6B8CB51D-7DD1-4678-8651-B2473540B488}.Debug|Any CPU.Build.0 = Debug|Any CPU
		{6B8CB51D-7DD1-4678-8651-B2473540B488}.Debug|x64.ActiveCfg = Debug|Any CPU
		{6B8CB51D-7DD1-4678-8651-B2473540B488}.Debug|x64.Build.0 = Debug|Any CPU
		{6B8CB51D-7DD1-4678-8651-B2473540B488}.Debug|x86.ActiveCfg = Debug|Any CPU
		{6B8CB51D-7DD1-4678-8651-B2473540B488}.Debug|x86.Build.0 = Debug|Any CPU
		{6B8CB51D-7DD1-4678-8651-B2473540B488}.Release|Any CPU.ActiveCfg = Release|Any CPU
		{6B8CB51D-7DD1-4678-8651-B2473540B488}.Release|Any CPU.Build.0 = Release|Any CPU
		{6B8CB51D-7DD1-4678-8651-B2473540B488}.Release|x64.ActiveCfg = Release|Any CPU
		{6B8CB51D-7DD1-4678-8651-B2473540B488}.Release|x64.Build.0 = Release|Any CPU
		{6B8CB51D-7DD1-4678-8651-B2473540B488}.Release|x86.ActiveCfg = Release|Any CPU
		{6B8CB51D-7DD1-4678-8651-B2473540B488}.Release|x86.Build.0 = Release|Any CPU
		{E89FF1EB-09E2-40D1-BE48-CB3F689D4542}.Debug|Any CPU.ActiveCfg = Debug|Any CPU
		{E89FF1EB-09E2-40D1-BE48-CB3F689D4542}.Debug|Any CPU.Build.0 = Debug|Any CPU
		{E89FF1EB-09E2-40D1-BE48-CB3F689D4542}.Debug|x64.ActiveCfg = Debug|Any CPU
		{E89FF1EB-09E2-40D1-BE48-CB3F689D4542}.Debug|x64.Build.0 = Debug|Any CPU
		{E89FF1EB-09E2-40D1-BE48-CB3F689D4542}.Debug|x86.ActiveCfg = Debug|Any CPU
		{E89FF1EB-09E2-40D1-BE48-CB3F689D4542}.Debug|x86.Build.0 = Debug|Any CPU
		{E89FF1EB-09E2-40D1-BE48-CB3F689D4542}.Release|Any CPU.ActiveCfg = Release|Any CPU
		{E89FF1EB-09E2-40D1-BE48-CB3F689D4542}.Release|Any CPU.Build.0 = Release|Any CPU
		{E89FF1EB-09E2-40D1-BE48-CB3F689D4542}.Release|x64.ActiveCfg = Release|Any CPU
		{E89FF1EB-09E2-40D1-BE48-CB3F689D4542}.Release|x64.Build.0 = Release|Any CPU
		{E89FF1EB-09E2-40D1-BE48-CB3F689D4542}.Release|x86.ActiveCfg = Release|Any CPU
		{E89FF1EB-09E2-40D1-BE48-CB3F689D4542}.Release|x86.Build.0 = Release|Any CPU
		{1F14D3E7-EAC1-4DDE-A2CF-6BF16C2041C2}.Debug|Any CPU.ActiveCfg = Debug|Any CPU
		{1F14D3E7-EAC1-4DDE-A2CF-6BF16C2041C2}.Debug|Any CPU.Build.0 = Debug|Any CPU
		{1F14D3E7-EAC1-4DDE-A2CF-6BF16C2041C2}.Debug|x64.ActiveCfg = Debug|Any CPU
		{1F14D3E7-EAC1-4DDE-A2CF-6BF16C2041C2}.Debug|x64.Build.0 = Debug|Any CPU
		{1F14D3E7-EAC1-4DDE-A2CF-6BF16C2041C2}.Debug|x86.ActiveCfg = Debug|Any CPU
		{1F14D3E7-EAC1-4DDE-A2CF-6BF16C2041C2}.Debug|x86.Build.0 = Debug|Any CPU
		{1F14D3E7-EAC1-4DDE-A2CF-6BF16C2041C2}.Release|Any CPU.ActiveCfg = Release|Any CPU
		{1F14D3E7-EAC1-4DDE-A2CF-6BF16C2041C2}.Release|Any CPU.Build.0 = Release|Any CPU
		{1F14D3E7-EAC1-4DDE-A2CF-6BF16C2041C2}.Release|x64.ActiveCfg = Release|Any CPU
		{1F14D3E7-EAC1-4DDE-A2CF-6BF16C2041C2}.Release|x64.Build.0 = Release|Any CPU
		{1F14D3E7-EAC1-4DDE-A2CF-6BF16C2041C2}.Release|x86.ActiveCfg = Release|Any CPU
		{1F14D3E7-EAC1-4DDE-A2CF-6BF16C2041C2}.Release|x86.Build.0 = Release|Any CPU
		{BDE66130-9960-4F02-8B0C-346E114F67A8}.Debug|Any CPU.ActiveCfg = Debug|Any CPU
		{BDE66130-9960-4F02-8B0C-346E114F67A8}.Debug|Any CPU.Build.0 = Debug|Any CPU
		{BDE66130-9960-4F02-8B0C-346E114F67A8}.Debug|x64.ActiveCfg = Debug|Any CPU
		{BDE66130-9960-4F02-8B0C-346E114F67A8}.Debug|x64.Build.0 = Debug|Any CPU
		{BDE66130-9960-4F02-8B0C-346E114F67A8}.Debug|x86.ActiveCfg = Debug|Any CPU
		{BDE66130-9960-4F02-8B0C-346E114F67A8}.Debug|x86.Build.0 = Debug|Any CPU
		{BDE66130-9960-4F02-8B0C-346E114F67A8}.Release|Any CPU.ActiveCfg = Release|Any CPU
		{BDE66130-9960-4F02-8B0C-346E114F67A8}.Release|Any CPU.Build.0 = Release|Any CPU
		{BDE66130-9960-4F02-8B0C-346E114F67A8}.Release|x64.ActiveCfg = Release|Any CPU
		{BDE66130-9960-4F02-8B0C-346E114F67A8}.Release|x64.Build.0 = Release|Any CPU
		{BDE66130-9960-4F02-8B0C-346E114F67A8}.Release|x86.ActiveCfg = Release|Any CPU
		{BDE66130-9960-4F02-8B0C-346E114F67A8}.Release|x86.Build.0 = Release|Any CPU
		{778E79C5-9337-4714-8CDA-0220024FC9E3}.Debug|Any CPU.ActiveCfg = Debug|Any CPU
		{778E79C5-9337-4714-8CDA-0220024FC9E3}.Debug|Any CPU.Build.0 = Debug|Any CPU
		{778E79C5-9337-4714-8CDA-0220024FC9E3}.Debug|x64.ActiveCfg = Debug|Any CPU
		{778E79C5-9337-4714-8CDA-0220024FC9E3}.Debug|x64.Build.0 = Debug|Any CPU
		{778E79C5-9337-4714-8CDA-0220024FC9E3}.Debug|x86.ActiveCfg = Debug|Any CPU
		{778E79C5-9337-4714-8CDA-0220024FC9E3}.Debug|x86.Build.0 = Debug|Any CPU
		{778E79C5-9337-4714-8CDA-0220024FC9E3}.Release|Any CPU.ActiveCfg = Release|Any CPU
		{778E79C5-9337-4714-8CDA-0220024FC9E3}.Release|Any CPU.Build.0 = Release|Any CPU
		{778E79C5-9337-4714-8CDA-0220024FC9E3}.Release|x64.ActiveCfg = Release|Any CPU
		{778E79C5-9337-4714-8CDA-0220024FC9E3}.Release|x64.Build.0 = Release|Any CPU
		{778E79C5-9337-4714-8CDA-0220024FC9E3}.Release|x86.ActiveCfg = Release|Any CPU
		{778E79C5-9337-4714-8CDA-0220024FC9E3}.Release|x86.Build.0 = Release|Any CPU
		{4EAF5201-F723-4AF4-ABF2-B53C814B5CBE}.Debug|Any CPU.ActiveCfg = Debug|Any CPU
		{4EAF5201-F723-4AF4-ABF2-B53C814B5CBE}.Debug|Any CPU.Build.0 = Debug|Any CPU
		{4EAF5201-F723-4AF4-ABF2-B53C814B5CBE}.Debug|x64.ActiveCfg = Debug|Any CPU
		{4EAF5201-F723-4AF4-ABF2-B53C814B5CBE}.Debug|x64.Build.0 = Debug|Any CPU
		{4EAF5201-F723-4AF4-ABF2-B53C814B5CBE}.Debug|x86.ActiveCfg = Debug|Any CPU
		{4EAF5201-F723-4AF4-ABF2-B53C814B5CBE}.Debug|x86.Build.0 = Debug|Any CPU
		{4EAF5201-F723-4AF4-ABF2-B53C814B5CBE}.Release|Any CPU.ActiveCfg = Release|Any CPU
		{4EAF5201-F723-4AF4-ABF2-B53C814B5CBE}.Release|Any CPU.Build.0 = Release|Any CPU
		{4EAF5201-F723-4AF4-ABF2-B53C814B5CBE}.Release|x64.ActiveCfg = Release|Any CPU
		{4EAF5201-F723-4AF4-ABF2-B53C814B5CBE}.Release|x64.Build.0 = Release|Any CPU
		{4EAF5201-F723-4AF4-ABF2-B53C814B5CBE}.Release|x86.ActiveCfg = Release|Any CPU
		{4EAF5201-F723-4AF4-ABF2-B53C814B5CBE}.Release|x86.Build.0 = Release|Any CPU
		{132D99D8-D459-4019-A1F9-A649053F09BC}.Debug|Any CPU.ActiveCfg = Debug|Any CPU
		{132D99D8-D459-4019-A1F9-A649053F09BC}.Debug|Any CPU.Build.0 = Debug|Any CPU
		{132D99D8-D459-4019-A1F9-A649053F09BC}.Debug|x64.ActiveCfg = Debug|Any CPU
		{132D99D8-D459-4019-A1F9-A649053F09BC}.Debug|x64.Build.0 = Debug|Any CPU
		{132D99D8-D459-4019-A1F9-A649053F09BC}.Debug|x86.ActiveCfg = Debug|Any CPU
		{132D99D8-D459-4019-A1F9-A649053F09BC}.Debug|x86.Build.0 = Debug|Any CPU
		{132D99D8-D459-4019-A1F9-A649053F09BC}.Release|Any CPU.ActiveCfg = Release|Any CPU
		{132D99D8-D459-4019-A1F9-A649053F09BC}.Release|Any CPU.Build.0 = Release|Any CPU
		{132D99D8-D459-4019-A1F9-A649053F09BC}.Release|x64.ActiveCfg = Release|Any CPU
		{132D99D8-D459-4019-A1F9-A649053F09BC}.Release|x64.Build.0 = Release|Any CPU
		{132D99D8-D459-4019-A1F9-A649053F09BC}.Release|x86.ActiveCfg = Release|Any CPU
		{132D99D8-D459-4019-A1F9-A649053F09BC}.Release|x86.Build.0 = Release|Any CPU
		{6A25F171-BFE8-4FD0-99AD-2D388EF08C4C}.Debug|Any CPU.ActiveCfg = Debug|Any CPU
		{6A25F171-BFE8-4FD0-99AD-2D388EF08C4C}.Debug|Any CPU.Build.0 = Debug|Any CPU
		{6A25F171-BFE8-4FD0-99AD-2D388EF08C4C}.Debug|x64.ActiveCfg = Debug|Any CPU
		{6A25F171-BFE8-4FD0-99AD-2D388EF08C4C}.Debug|x64.Build.0 = Debug|Any CPU
		{6A25F171-BFE8-4FD0-99AD-2D388EF08C4C}.Debug|x86.ActiveCfg = Debug|Any CPU
		{6A25F171-BFE8-4FD0-99AD-2D388EF08C4C}.Debug|x86.Build.0 = Debug|Any CPU
		{6A25F171-BFE8-4FD0-99AD-2D388EF08C4C}.Release|Any CPU.ActiveCfg = Release|Any CPU
		{6A25F171-BFE8-4FD0-99AD-2D388EF08C4C}.Release|Any CPU.Build.0 = Release|Any CPU
		{6A25F171-BFE8-4FD0-99AD-2D388EF08C4C}.Release|x64.ActiveCfg = Release|Any CPU
		{6A25F171-BFE8-4FD0-99AD-2D388EF08C4C}.Release|x64.Build.0 = Release|Any CPU
		{6A25F171-BFE8-4FD0-99AD-2D388EF08C4C}.Release|x86.ActiveCfg = Release|Any CPU
		{6A25F171-BFE8-4FD0-99AD-2D388EF08C4C}.Release|x86.Build.0 = Release|Any CPU
		{A496BE39-01F1-4D8C-AED9-3456B3C95202}.Debug|Any CPU.ActiveCfg = Debug|Any CPU
		{A496BE39-01F1-4D8C-AED9-3456B3C95202}.Debug|Any CPU.Build.0 = Debug|Any CPU
		{A496BE39-01F1-4D8C-AED9-3456B3C95202}.Debug|x64.ActiveCfg = Debug|Any CPU
		{A496BE39-01F1-4D8C-AED9-3456B3C95202}.Debug|x64.Build.0 = Debug|Any CPU
		{A496BE39-01F1-4D8C-AED9-3456B3C95202}.Debug|x86.ActiveCfg = Debug|Any CPU
		{A496BE39-01F1-4D8C-AED9-3456B3C95202}.Debug|x86.Build.0 = Debug|Any CPU
		{A496BE39-01F1-4D8C-AED9-3456B3C95202}.Release|Any CPU.ActiveCfg = Release|Any CPU
		{A496BE39-01F1-4D8C-AED9-3456B3C95202}.Release|Any CPU.Build.0 = Release|Any CPU
		{A496BE39-01F1-4D8C-AED9-3456B3C95202}.Release|x64.ActiveCfg = Release|Any CPU
		{A496BE39-01F1-4D8C-AED9-3456B3C95202}.Release|x64.Build.0 = Release|Any CPU
		{A496BE39-01F1-4D8C-AED9-3456B3C95202}.Release|x86.ActiveCfg = Release|Any CPU
		{A496BE39-01F1-4D8C-AED9-3456B3C95202}.Release|x86.Build.0 = Release|Any CPU
		{07968B5D-93D4-4224-9360-53687B0EA674}.Debug|Any CPU.ActiveCfg = Debug|Any CPU
		{07968B5D-93D4-4224-9360-53687B0EA674}.Debug|Any CPU.Build.0 = Debug|Any CPU
		{07968B5D-93D4-4224-9360-53687B0EA674}.Debug|x64.ActiveCfg = Debug|Any CPU
		{07968B5D-93D4-4224-9360-53687B0EA674}.Debug|x64.Build.0 = Debug|Any CPU
		{07968B5D-93D4-4224-9360-53687B0EA674}.Debug|x86.ActiveCfg = Debug|Any CPU
		{07968B5D-93D4-4224-9360-53687B0EA674}.Debug|x86.Build.0 = Debug|Any CPU
		{07968B5D-93D4-4224-9360-53687B0EA674}.Release|Any CPU.ActiveCfg = Release|Any CPU
		{07968B5D-93D4-4224-9360-53687B0EA674}.Release|Any CPU.Build.0 = Release|Any CPU
		{07968B5D-93D4-4224-9360-53687B0EA674}.Release|x64.ActiveCfg = Release|Any CPU
		{07968B5D-93D4-4224-9360-53687B0EA674}.Release|x64.Build.0 = Release|Any CPU
		{07968B5D-93D4-4224-9360-53687B0EA674}.Release|x86.ActiveCfg = Release|Any CPU
		{07968B5D-93D4-4224-9360-53687B0EA674}.Release|x86.Build.0 = Release|Any CPU
		{B8C264B6-7C50-4413-8DBA-6589FF3900E7}.Debug|Any CPU.ActiveCfg = Debug|Any CPU
		{B8C264B6-7C50-4413-8DBA-6589FF3900E7}.Debug|Any CPU.Build.0 = Debug|Any CPU
		{B8C264B6-7C50-4413-8DBA-6589FF3900E7}.Debug|x64.ActiveCfg = Debug|Any CPU
		{B8C264B6-7C50-4413-8DBA-6589FF3900E7}.Debug|x64.Build.0 = Debug|Any CPU
		{B8C264B6-7C50-4413-8DBA-6589FF3900E7}.Debug|x86.ActiveCfg = Debug|Any CPU
		{B8C264B6-7C50-4413-8DBA-6589FF3900E7}.Debug|x86.Build.0 = Debug|Any CPU
		{B8C264B6-7C50-4413-8DBA-6589FF3900E7}.Release|Any CPU.ActiveCfg = Release|Any CPU
		{B8C264B6-7C50-4413-8DBA-6589FF3900E7}.Release|Any CPU.Build.0 = Release|Any CPU
		{B8C264B6-7C50-4413-8DBA-6589FF3900E7}.Release|x64.ActiveCfg = Release|Any CPU
		{B8C264B6-7C50-4413-8DBA-6589FF3900E7}.Release|x64.Build.0 = Release|Any CPU
		{B8C264B6-7C50-4413-8DBA-6589FF3900E7}.Release|x86.ActiveCfg = Release|Any CPU
		{B8C264B6-7C50-4413-8DBA-6589FF3900E7}.Release|x86.Build.0 = Release|Any CPU
		{A69ED6AE-2F9B-46C2-A7BB-8DD0F5C68AF3}.Debug|Any CPU.ActiveCfg = Debug|Any CPU
		{A69ED6AE-2F9B-46C2-A7BB-8DD0F5C68AF3}.Debug|Any CPU.Build.0 = Debug|Any CPU
		{A69ED6AE-2F9B-46C2-A7BB-8DD0F5C68AF3}.Debug|x64.ActiveCfg = Debug|Any CPU
		{A69ED6AE-2F9B-46C2-A7BB-8DD0F5C68AF3}.Debug|x64.Build.0 = Debug|Any CPU
		{A69ED6AE-2F9B-46C2-A7BB-8DD0F5C68AF3}.Debug|x86.ActiveCfg = Debug|Any CPU
		{A69ED6AE-2F9B-46C2-A7BB-8DD0F5C68AF3}.Debug|x86.Build.0 = Debug|Any CPU
		{A69ED6AE-2F9B-46C2-A7BB-8DD0F5C68AF3}.Release|Any CPU.ActiveCfg = Release|Any CPU
		{A69ED6AE-2F9B-46C2-A7BB-8DD0F5C68AF3}.Release|Any CPU.Build.0 = Release|Any CPU
		{A69ED6AE-2F9B-46C2-A7BB-8DD0F5C68AF3}.Release|x64.ActiveCfg = Release|Any CPU
		{A69ED6AE-2F9B-46C2-A7BB-8DD0F5C68AF3}.Release|x64.Build.0 = Release|Any CPU
		{A69ED6AE-2F9B-46C2-A7BB-8DD0F5C68AF3}.Release|x86.ActiveCfg = Release|Any CPU
		{A69ED6AE-2F9B-46C2-A7BB-8DD0F5C68AF3}.Release|x86.Build.0 = Release|Any CPU
		{2F3AA6B1-37DA-4FA9-93A1-53CD99AEA3B2}.Debug|Any CPU.ActiveCfg = Debug|Any CPU
		{2F3AA6B1-37DA-4FA9-93A1-53CD99AEA3B2}.Debug|Any CPU.Build.0 = Debug|Any CPU
		{2F3AA6B1-37DA-4FA9-93A1-53CD99AEA3B2}.Debug|x64.ActiveCfg = Debug|Any CPU
		{2F3AA6B1-37DA-4FA9-93A1-53CD99AEA3B2}.Debug|x64.Build.0 = Debug|Any CPU
		{2F3AA6B1-37DA-4FA9-93A1-53CD99AEA3B2}.Debug|x86.ActiveCfg = Debug|Any CPU
		{2F3AA6B1-37DA-4FA9-93A1-53CD99AEA3B2}.Debug|x86.Build.0 = Debug|Any CPU
		{2F3AA6B1-37DA-4FA9-93A1-53CD99AEA3B2}.Release|Any CPU.ActiveCfg = Release|Any CPU
		{2F3AA6B1-37DA-4FA9-93A1-53CD99AEA3B2}.Release|Any CPU.Build.0 = Release|Any CPU
		{2F3AA6B1-37DA-4FA9-93A1-53CD99AEA3B2}.Release|x64.ActiveCfg = Release|Any CPU
		{2F3AA6B1-37DA-4FA9-93A1-53CD99AEA3B2}.Release|x64.Build.0 = Release|Any CPU
		{2F3AA6B1-37DA-4FA9-93A1-53CD99AEA3B2}.Release|x86.ActiveCfg = Release|Any CPU
		{2F3AA6B1-37DA-4FA9-93A1-53CD99AEA3B2}.Release|x86.Build.0 = Release|Any CPU
		{503687DB-8A80-4CAF-A8B9-C6F2736F8784}.Debug|Any CPU.ActiveCfg = Debug|Any CPU
		{503687DB-8A80-4CAF-A8B9-C6F2736F8784}.Debug|Any CPU.Build.0 = Debug|Any CPU
		{503687DB-8A80-4CAF-A8B9-C6F2736F8784}.Debug|x64.ActiveCfg = Debug|Any CPU
		{503687DB-8A80-4CAF-A8B9-C6F2736F8784}.Debug|x64.Build.0 = Debug|Any CPU
		{503687DB-8A80-4CAF-A8B9-C6F2736F8784}.Debug|x86.ActiveCfg = Debug|Any CPU
		{503687DB-8A80-4CAF-A8B9-C6F2736F8784}.Debug|x86.Build.0 = Debug|Any CPU
		{503687DB-8A80-4CAF-A8B9-C6F2736F8784}.Release|Any CPU.ActiveCfg = Release|Any CPU
		{503687DB-8A80-4CAF-A8B9-C6F2736F8784}.Release|Any CPU.Build.0 = Release|Any CPU
		{503687DB-8A80-4CAF-A8B9-C6F2736F8784}.Release|x64.ActiveCfg = Release|Any CPU
		{503687DB-8A80-4CAF-A8B9-C6F2736F8784}.Release|x64.Build.0 = Release|Any CPU
		{503687DB-8A80-4CAF-A8B9-C6F2736F8784}.Release|x86.ActiveCfg = Release|Any CPU
		{503687DB-8A80-4CAF-A8B9-C6F2736F8784}.Release|x86.Build.0 = Release|Any CPU
		{5DBF097B-94A7-42B3-8B19-58188295DEC7}.Debug|Any CPU.ActiveCfg = Debug|Any CPU
		{5DBF097B-94A7-42B3-8B19-58188295DEC7}.Debug|Any CPU.Build.0 = Debug|Any CPU
		{5DBF097B-94A7-42B3-8B19-58188295DEC7}.Debug|x64.ActiveCfg = Debug|Any CPU
		{5DBF097B-94A7-42B3-8B19-58188295DEC7}.Debug|x64.Build.0 = Debug|Any CPU
		{5DBF097B-94A7-42B3-8B19-58188295DEC7}.Debug|x86.ActiveCfg = Debug|Any CPU
		{5DBF097B-94A7-42B3-8B19-58188295DEC7}.Debug|x86.Build.0 = Debug|Any CPU
		{5DBF097B-94A7-42B3-8B19-58188295DEC7}.Release|Any CPU.ActiveCfg = Release|Any CPU
		{5DBF097B-94A7-42B3-8B19-58188295DEC7}.Release|Any CPU.Build.0 = Release|Any CPU
		{5DBF097B-94A7-42B3-8B19-58188295DEC7}.Release|x64.ActiveCfg = Release|Any CPU
		{5DBF097B-94A7-42B3-8B19-58188295DEC7}.Release|x64.Build.0 = Release|Any CPU
		{5DBF097B-94A7-42B3-8B19-58188295DEC7}.Release|x86.ActiveCfg = Release|Any CPU
		{5DBF097B-94A7-42B3-8B19-58188295DEC7}.Release|x86.Build.0 = Release|Any CPU
	EndGlobalSection
	GlobalSection(SolutionProperties) = preSolution
		HideSolutionNode = FALSE
	EndGlobalSection
	GlobalSection(ExtensibilityGlobals) = postSolution
		SolutionGuid = {C68E746D-E444-402B-9CC3-E373AF6897CF}
	EndGlobalSection
EndGlobal
