
Microsoft Visual Studio Solution File, Format Version 12.00
# Visual Studio Version 16
VisualStudioVersion = 16.0.29424.173
MinimumVisualStudioVersion = 10.0.40219.1
Project("{8BC9CEB8-8B4A-11D0-8D11-00A0C91BC942}") = "ООП", "ООП\ООП.vcxproj", "{9A487BD9-9233-4270-BC1D-4C09BF279003}"
EndProject
Project("{8BC9CEB8-8B4A-11D0-8D11-00A0C91BC942}") = "КлассArray operator overloading", "КлассArray\КлассArray.vcxproj", "{338D9A45-29B3-4A4C-9B3F-14E2264192D8}"
EndProject
Project("{8BC9CEB8-8B4A-11D0-8D11-00A0C91BC942}") = "классNumberStorage", "класс\класс.vcxproj", "{AE66BC27-CA77-4D6C-81A0-3889E7C904AA}"
EndProject
Project("{8BC9CEB8-8B4A-11D0-8D11-00A0C91BC942}") = "operator", "Project1\Project1.vcxproj", "{2D51945E-C2AD-48DE-8761-34AC13B660F5}"
EndProject
Project("{8BC9CEB8-8B4A-11D0-8D11-00A0C91BC942}") = "classStudent", "classStudent\classStudent.vcxproj", "{F127A17A-871C-46B2-A19A-CCF747FCABE0}"
EndProject
Project("{8BC9CEB8-8B4A-11D0-8D11-00A0C91BC942}") = "classPoint", "classPoint\classPoint.vcxproj", "{BE7D1B98-2EF4-44BA-B2C9-7CF292427C2A}"
EndProject
Project("{8BC9CEB8-8B4A-11D0-8D11-00A0C91BC942}") = "Airplane", "Airplane\Airplane.vcxproj", "{4D5982F8-A891-4AA1-85BA-4E744F47EF13}"
EndProject
Project("{8BC9CEB8-8B4A-11D0-8D11-00A0C91BC942}") = "class", "class\class.vcxproj", "{8E2C0807-CDFA-46E1-BB15-FB66CC57F4EB}"
EndProject
Project("{8BC9CEB8-8B4A-11D0-8D11-00A0C91BC942}") = "Stack", "Stek\Stek.vcxproj", "{F7681D46-03F4-48E3-BD84-5CCD22771859}"
EndProject
Project("{8BC9CEB8-8B4A-11D0-8D11-00A0C91BC942}") = "Queue", "Queue\Queue.vcxproj", "{517F177B-B88F-4956-843F-E6812785B47B}"
EndProject
Project("{8BC9CEB8-8B4A-11D0-8D11-00A0C91BC942}") = "Lists", "Lists\Lists.vcxproj", "{5F8F8133-7D25-487D-A663-504781DB5FDE}"
EndProject
Project("{8BC9CEB8-8B4A-11D0-8D11-00A0C91BC942}") = "BidirectionalList", "BidirectionalList\BidirectionalList.vcxproj", "{F7B03E07-DF40-4F3A-8434-637F44963FB3}"
EndProject
Project("{8BC9CEB8-8B4A-11D0-8D11-00A0C91BC942}") = "Template", "Template\Template.vcxproj", "{99EE6A3B-5716-488D-ABFF-37755F81549B}"
EndProject
Project("{8BC9CEB8-8B4A-11D0-8D11-00A0C91BC942}") = "Inheritance", "Inheritance\Inheritance.vcxproj", "{4B6F43FB-C06F-427A-AB73-5A7E160A053F}"
EndProject
Project("{8BC9CEB8-8B4A-11D0-8D11-00A0C91BC942}") = "Polymorphism", "Polymorphism\Polymorphism.vcxproj", "{B868C205-9775-4448-8D9A-E746D6527C9A}"
EndProject
Project("{8BC9CEB8-8B4A-11D0-8D11-00A0C91BC942}") = "TEMPLATEinheritance", "TEMPLATEinheritance\TEMPLATEinheritance.vcxproj", "{0A0C1334-219E-4620-AF47-04FC4AA81E34}"
EndProject
Project("{8BC9CEB8-8B4A-11D0-8D11-00A0C91BC942}") = "MultipleInheritance", "MultipleInheritance\MultipleInheritance.vcxproj", "{E57ECB2F-2F38-475D-857C-67C17B10C1DD}"
EndProject
Project("{8BC9CEB8-8B4A-11D0-8D11-00A0C91BC942}") = "Try-throw-catch", "Try-throw-catch\Try-throw-catch.vcxproj", "{2F63F291-33F6-4CD3-8119-DFE9FF9DADFF}"
EndProject
Project("{8BC9CEB8-8B4A-11D0-8D11-00A0C91BC942}") = "File", "File\File.vcxproj", "{1F9F8725-B537-4F23-BA57-A7B7A549C919}"
EndProject
Project("{8BC9CEB8-8B4A-11D0-8D11-00A0C91BC942}") = "FileStream", "FileStream\FileStream.vcxproj", "{DA3E2699-BD75-4451-A999-F000FA4D647D}"
EndProject
Project("{8BC9CEB8-8B4A-11D0-8D11-00A0C91BC942}") = "STL", "STL\STL.vcxproj", "{6623E015-D5A1-49C5-85C1-4340A3692852}"
EndProject
Project("{8BC9CEB8-8B4A-11D0-8D11-00A0C91BC942}") = "STLmap", "STLmap\STLmap.vcxproj", "{E9CC9926-04E9-4DB2-817A-2F6924274D9E}"
EndProject
Project("{8BC9CEB8-8B4A-11D0-8D11-00A0C91BC942}") = "Project2", "Project2\Project2.vcxproj", "{67AAE232-4FB0-455E-81E6-395342CF0821}"
EndProject
Project("{8BC9CEB8-8B4A-11D0-8D11-00A0C91BC942}") = "LambdaExp", "LambdaExp\LambdaExp.vcxproj", "{A19AD789-A93E-4C6D-BB39-A3BA7B14FFB3}"
EndProject
Global
	GlobalSection(SolutionConfigurationPlatforms) = preSolution
		Debug|x64 = Debug|x64
		Debug|x86 = Debug|x86
		Release|x64 = Release|x64
		Release|x86 = Release|x86
	EndGlobalSection
	GlobalSection(ProjectConfigurationPlatforms) = postSolution
		{9A487BD9-9233-4270-BC1D-4C09BF279003}.Debug|x64.ActiveCfg = Debug|x64
		{9A487BD9-9233-4270-BC1D-4C09BF279003}.Debug|x64.Build.0 = Debug|x64
		{9A487BD9-9233-4270-BC1D-4C09BF279003}.Debug|x86.ActiveCfg = Debug|Win32
		{9A487BD9-9233-4270-BC1D-4C09BF279003}.Debug|x86.Build.0 = Debug|Win32
		{9A487BD9-9233-4270-BC1D-4C09BF279003}.Release|x64.ActiveCfg = Release|x64
		{9A487BD9-9233-4270-BC1D-4C09BF279003}.Release|x64.Build.0 = Release|x64
		{9A487BD9-9233-4270-BC1D-4C09BF279003}.Release|x86.ActiveCfg = Release|Win32
		{9A487BD9-9233-4270-BC1D-4C09BF279003}.Release|x86.Build.0 = Release|Win32
		{338D9A45-29B3-4A4C-9B3F-14E2264192D8}.Debug|x64.ActiveCfg = Debug|x64
		{338D9A45-29B3-4A4C-9B3F-14E2264192D8}.Debug|x64.Build.0 = Debug|x64
		{338D9A45-29B3-4A4C-9B3F-14E2264192D8}.Debug|x86.ActiveCfg = Debug|Win32
		{338D9A45-29B3-4A4C-9B3F-14E2264192D8}.Debug|x86.Build.0 = Debug|Win32
		{338D9A45-29B3-4A4C-9B3F-14E2264192D8}.Release|x64.ActiveCfg = Release|x64
		{338D9A45-29B3-4A4C-9B3F-14E2264192D8}.Release|x64.Build.0 = Release|x64
		{338D9A45-29B3-4A4C-9B3F-14E2264192D8}.Release|x86.ActiveCfg = Release|Win32
		{338D9A45-29B3-4A4C-9B3F-14E2264192D8}.Release|x86.Build.0 = Release|Win32
		{AE66BC27-CA77-4D6C-81A0-3889E7C904AA}.Debug|x64.ActiveCfg = Debug|x64
		{AE66BC27-CA77-4D6C-81A0-3889E7C904AA}.Debug|x64.Build.0 = Debug|x64
		{AE66BC27-CA77-4D6C-81A0-3889E7C904AA}.Debug|x86.ActiveCfg = Debug|Win32
		{AE66BC27-CA77-4D6C-81A0-3889E7C904AA}.Debug|x86.Build.0 = Debug|Win32
		{AE66BC27-CA77-4D6C-81A0-3889E7C904AA}.Release|x64.ActiveCfg = Release|x64
		{AE66BC27-CA77-4D6C-81A0-3889E7C904AA}.Release|x64.Build.0 = Release|x64
		{AE66BC27-CA77-4D6C-81A0-3889E7C904AA}.Release|x86.ActiveCfg = Release|Win32
		{AE66BC27-CA77-4D6C-81A0-3889E7C904AA}.Release|x86.Build.0 = Release|Win32
		{2D51945E-C2AD-48DE-8761-34AC13B660F5}.Debug|x64.ActiveCfg = Debug|x64
		{2D51945E-C2AD-48DE-8761-34AC13B660F5}.Debug|x64.Build.0 = Debug|x64
		{2D51945E-C2AD-48DE-8761-34AC13B660F5}.Debug|x86.ActiveCfg = Debug|Win32
		{2D51945E-C2AD-48DE-8761-34AC13B660F5}.Debug|x86.Build.0 = Debug|Win32
		{2D51945E-C2AD-48DE-8761-34AC13B660F5}.Release|x64.ActiveCfg = Release|x64
		{2D51945E-C2AD-48DE-8761-34AC13B660F5}.Release|x64.Build.0 = Release|x64
		{2D51945E-C2AD-48DE-8761-34AC13B660F5}.Release|x86.ActiveCfg = Release|Win32
		{2D51945E-C2AD-48DE-8761-34AC13B660F5}.Release|x86.Build.0 = Release|Win32
		{F127A17A-871C-46B2-A19A-CCF747FCABE0}.Debug|x64.ActiveCfg = Debug|x64
		{F127A17A-871C-46B2-A19A-CCF747FCABE0}.Debug|x64.Build.0 = Debug|x64
		{F127A17A-871C-46B2-A19A-CCF747FCABE0}.Debug|x86.ActiveCfg = Debug|Win32
		{F127A17A-871C-46B2-A19A-CCF747FCABE0}.Debug|x86.Build.0 = Debug|Win32
		{F127A17A-871C-46B2-A19A-CCF747FCABE0}.Release|x64.ActiveCfg = Release|x64
		{F127A17A-871C-46B2-A19A-CCF747FCABE0}.Release|x64.Build.0 = Release|x64
		{F127A17A-871C-46B2-A19A-CCF747FCABE0}.Release|x86.ActiveCfg = Release|Win32
		{F127A17A-871C-46B2-A19A-CCF747FCABE0}.Release|x86.Build.0 = Release|Win32
		{BE7D1B98-2EF4-44BA-B2C9-7CF292427C2A}.Debug|x64.ActiveCfg = Debug|x64
		{BE7D1B98-2EF4-44BA-B2C9-7CF292427C2A}.Debug|x64.Build.0 = Debug|x64
		{BE7D1B98-2EF4-44BA-B2C9-7CF292427C2A}.Debug|x86.ActiveCfg = Debug|Win32
		{BE7D1B98-2EF4-44BA-B2C9-7CF292427C2A}.Debug|x86.Build.0 = Debug|Win32
		{BE7D1B98-2EF4-44BA-B2C9-7CF292427C2A}.Release|x64.ActiveCfg = Release|x64
		{BE7D1B98-2EF4-44BA-B2C9-7CF292427C2A}.Release|x64.Build.0 = Release|x64
		{BE7D1B98-2EF4-44BA-B2C9-7CF292427C2A}.Release|x86.ActiveCfg = Release|Win32
		{BE7D1B98-2EF4-44BA-B2C9-7CF292427C2A}.Release|x86.Build.0 = Release|Win32
		{4D5982F8-A891-4AA1-85BA-4E744F47EF13}.Debug|x64.ActiveCfg = Debug|x64
		{4D5982F8-A891-4AA1-85BA-4E744F47EF13}.Debug|x64.Build.0 = Debug|x64
		{4D5982F8-A891-4AA1-85BA-4E744F47EF13}.Debug|x86.ActiveCfg = Debug|Win32
		{4D5982F8-A891-4AA1-85BA-4E744F47EF13}.Debug|x86.Build.0 = Debug|Win32
		{4D5982F8-A891-4AA1-85BA-4E744F47EF13}.Release|x64.ActiveCfg = Release|x64
		{4D5982F8-A891-4AA1-85BA-4E744F47EF13}.Release|x64.Build.0 = Release|x64
		{4D5982F8-A891-4AA1-85BA-4E744F47EF13}.Release|x86.ActiveCfg = Release|Win32
		{4D5982F8-A891-4AA1-85BA-4E744F47EF13}.Release|x86.Build.0 = Release|Win32
		{8E2C0807-CDFA-46E1-BB15-FB66CC57F4EB}.Debug|x64.ActiveCfg = Debug|x64
		{8E2C0807-CDFA-46E1-BB15-FB66CC57F4EB}.Debug|x64.Build.0 = Debug|x64
		{8E2C0807-CDFA-46E1-BB15-FB66CC57F4EB}.Debug|x86.ActiveCfg = Debug|Win32
		{8E2C0807-CDFA-46E1-BB15-FB66CC57F4EB}.Debug|x86.Build.0 = Debug|Win32
		{8E2C0807-CDFA-46E1-BB15-FB66CC57F4EB}.Release|x64.ActiveCfg = Release|x64
		{8E2C0807-CDFA-46E1-BB15-FB66CC57F4EB}.Release|x64.Build.0 = Release|x64
		{8E2C0807-CDFA-46E1-BB15-FB66CC57F4EB}.Release|x86.ActiveCfg = Release|Win32
		{8E2C0807-CDFA-46E1-BB15-FB66CC57F4EB}.Release|x86.Build.0 = Release|Win32
		{F7681D46-03F4-48E3-BD84-5CCD22771859}.Debug|x64.ActiveCfg = Debug|x64
		{F7681D46-03F4-48E3-BD84-5CCD22771859}.Debug|x64.Build.0 = Debug|x64
		{F7681D46-03F4-48E3-BD84-5CCD22771859}.Debug|x86.ActiveCfg = Debug|Win32
		{F7681D46-03F4-48E3-BD84-5CCD22771859}.Debug|x86.Build.0 = Debug|Win32
		{F7681D46-03F4-48E3-BD84-5CCD22771859}.Release|x64.ActiveCfg = Release|x64
		{F7681D46-03F4-48E3-BD84-5CCD22771859}.Release|x64.Build.0 = Release|x64
		{F7681D46-03F4-48E3-BD84-5CCD22771859}.Release|x86.ActiveCfg = Release|Win32
		{F7681D46-03F4-48E3-BD84-5CCD22771859}.Release|x86.Build.0 = Release|Win32
		{517F177B-B88F-4956-843F-E6812785B47B}.Debug|x64.ActiveCfg = Debug|x64
		{517F177B-B88F-4956-843F-E6812785B47B}.Debug|x64.Build.0 = Debug|x64
		{517F177B-B88F-4956-843F-E6812785B47B}.Debug|x86.ActiveCfg = Debug|Win32
		{517F177B-B88F-4956-843F-E6812785B47B}.Debug|x86.Build.0 = Debug|Win32
		{517F177B-B88F-4956-843F-E6812785B47B}.Release|x64.ActiveCfg = Release|x64
		{517F177B-B88F-4956-843F-E6812785B47B}.Release|x64.Build.0 = Release|x64
		{517F177B-B88F-4956-843F-E6812785B47B}.Release|x86.ActiveCfg = Release|Win32
		{517F177B-B88F-4956-843F-E6812785B47B}.Release|x86.Build.0 = Release|Win32
		{5F8F8133-7D25-487D-A663-504781DB5FDE}.Debug|x64.ActiveCfg = Debug|x64
		{5F8F8133-7D25-487D-A663-504781DB5FDE}.Debug|x64.Build.0 = Debug|x64
		{5F8F8133-7D25-487D-A663-504781DB5FDE}.Debug|x86.ActiveCfg = Debug|Win32
		{5F8F8133-7D25-487D-A663-504781DB5FDE}.Debug|x86.Build.0 = Debug|Win32
		{5F8F8133-7D25-487D-A663-504781DB5FDE}.Release|x64.ActiveCfg = Release|x64
		{5F8F8133-7D25-487D-A663-504781DB5FDE}.Release|x64.Build.0 = Release|x64
		{5F8F8133-7D25-487D-A663-504781DB5FDE}.Release|x86.ActiveCfg = Release|Win32
		{5F8F8133-7D25-487D-A663-504781DB5FDE}.Release|x86.Build.0 = Release|Win32
		{F7B03E07-DF40-4F3A-8434-637F44963FB3}.Debug|x64.ActiveCfg = Debug|x64
		{F7B03E07-DF40-4F3A-8434-637F44963FB3}.Debug|x64.Build.0 = Debug|x64
		{F7B03E07-DF40-4F3A-8434-637F44963FB3}.Debug|x86.ActiveCfg = Debug|Win32
		{F7B03E07-DF40-4F3A-8434-637F44963FB3}.Debug|x86.Build.0 = Debug|Win32
		{F7B03E07-DF40-4F3A-8434-637F44963FB3}.Release|x64.ActiveCfg = Release|x64
		{F7B03E07-DF40-4F3A-8434-637F44963FB3}.Release|x64.Build.0 = Release|x64
		{F7B03E07-DF40-4F3A-8434-637F44963FB3}.Release|x86.ActiveCfg = Release|Win32
		{F7B03E07-DF40-4F3A-8434-637F44963FB3}.Release|x86.Build.0 = Release|Win32
		{99EE6A3B-5716-488D-ABFF-37755F81549B}.Debug|x64.ActiveCfg = Debug|x64
		{99EE6A3B-5716-488D-ABFF-37755F81549B}.Debug|x64.Build.0 = Debug|x64
		{99EE6A3B-5716-488D-ABFF-37755F81549B}.Debug|x86.ActiveCfg = Debug|Win32
		{99EE6A3B-5716-488D-ABFF-37755F81549B}.Debug|x86.Build.0 = Debug|Win32
		{99EE6A3B-5716-488D-ABFF-37755F81549B}.Release|x64.ActiveCfg = Release|x64
		{99EE6A3B-5716-488D-ABFF-37755F81549B}.Release|x64.Build.0 = Release|x64
		{99EE6A3B-5716-488D-ABFF-37755F81549B}.Release|x86.ActiveCfg = Release|Win32
		{99EE6A3B-5716-488D-ABFF-37755F81549B}.Release|x86.Build.0 = Release|Win32
		{4B6F43FB-C06F-427A-AB73-5A7E160A053F}.Debug|x64.ActiveCfg = Debug|x64
		{4B6F43FB-C06F-427A-AB73-5A7E160A053F}.Debug|x64.Build.0 = Debug|x64
		{4B6F43FB-C06F-427A-AB73-5A7E160A053F}.Debug|x86.ActiveCfg = Debug|Win32
		{4B6F43FB-C06F-427A-AB73-5A7E160A053F}.Debug|x86.Build.0 = Debug|Win32
		{4B6F43FB-C06F-427A-AB73-5A7E160A053F}.Release|x64.ActiveCfg = Release|x64
		{4B6F43FB-C06F-427A-AB73-5A7E160A053F}.Release|x64.Build.0 = Release|x64
		{4B6F43FB-C06F-427A-AB73-5A7E160A053F}.Release|x86.ActiveCfg = Release|Win32
		{4B6F43FB-C06F-427A-AB73-5A7E160A053F}.Release|x86.Build.0 = Release|Win32
		{B868C205-9775-4448-8D9A-E746D6527C9A}.Debug|x64.ActiveCfg = Debug|x64
		{B868C205-9775-4448-8D9A-E746D6527C9A}.Debug|x64.Build.0 = Debug|x64
		{B868C205-9775-4448-8D9A-E746D6527C9A}.Debug|x86.ActiveCfg = Debug|Win32
		{B868C205-9775-4448-8D9A-E746D6527C9A}.Debug|x86.Build.0 = Debug|Win32
		{B868C205-9775-4448-8D9A-E746D6527C9A}.Release|x64.ActiveCfg = Release|x64
		{B868C205-9775-4448-8D9A-E746D6527C9A}.Release|x64.Build.0 = Release|x64
		{B868C205-9775-4448-8D9A-E746D6527C9A}.Release|x86.ActiveCfg = Release|Win32
		{B868C205-9775-4448-8D9A-E746D6527C9A}.Release|x86.Build.0 = Release|Win32
		{0A0C1334-219E-4620-AF47-04FC4AA81E34}.Debug|x64.ActiveCfg = Debug|x64
		{0A0C1334-219E-4620-AF47-04FC4AA81E34}.Debug|x64.Build.0 = Debug|x64
		{0A0C1334-219E-4620-AF47-04FC4AA81E34}.Debug|x86.ActiveCfg = Debug|Win32
		{0A0C1334-219E-4620-AF47-04FC4AA81E34}.Debug|x86.Build.0 = Debug|Win32
		{0A0C1334-219E-4620-AF47-04FC4AA81E34}.Release|x64.ActiveCfg = Release|x64
		{0A0C1334-219E-4620-AF47-04FC4AA81E34}.Release|x64.Build.0 = Release|x64
		{0A0C1334-219E-4620-AF47-04FC4AA81E34}.Release|x86.ActiveCfg = Release|Win32
		{0A0C1334-219E-4620-AF47-04FC4AA81E34}.Release|x86.Build.0 = Release|Win32
		{E57ECB2F-2F38-475D-857C-67C17B10C1DD}.Debug|x64.ActiveCfg = Debug|x64
		{E57ECB2F-2F38-475D-857C-67C17B10C1DD}.Debug|x64.Build.0 = Debug|x64
		{E57ECB2F-2F38-475D-857C-67C17B10C1DD}.Debug|x86.ActiveCfg = Debug|Win32
		{E57ECB2F-2F38-475D-857C-67C17B10C1DD}.Debug|x86.Build.0 = Debug|Win32
		{E57ECB2F-2F38-475D-857C-67C17B10C1DD}.Release|x64.ActiveCfg = Release|x64
		{E57ECB2F-2F38-475D-857C-67C17B10C1DD}.Release|x64.Build.0 = Release|x64
		{E57ECB2F-2F38-475D-857C-67C17B10C1DD}.Release|x86.ActiveCfg = Release|Win32
		{E57ECB2F-2F38-475D-857C-67C17B10C1DD}.Release|x86.Build.0 = Release|Win32
		{2F63F291-33F6-4CD3-8119-DFE9FF9DADFF}.Debug|x64.ActiveCfg = Debug|x64
		{2F63F291-33F6-4CD3-8119-DFE9FF9DADFF}.Debug|x64.Build.0 = Debug|x64
		{2F63F291-33F6-4CD3-8119-DFE9FF9DADFF}.Debug|x86.ActiveCfg = Debug|Win32
		{2F63F291-33F6-4CD3-8119-DFE9FF9DADFF}.Debug|x86.Build.0 = Debug|Win32
		{2F63F291-33F6-4CD3-8119-DFE9FF9DADFF}.Release|x64.ActiveCfg = Release|x64
		{2F63F291-33F6-4CD3-8119-DFE9FF9DADFF}.Release|x64.Build.0 = Release|x64
		{2F63F291-33F6-4CD3-8119-DFE9FF9DADFF}.Release|x86.ActiveCfg = Release|Win32
		{2F63F291-33F6-4CD3-8119-DFE9FF9DADFF}.Release|x86.Build.0 = Release|Win32
		{1F9F8725-B537-4F23-BA57-A7B7A549C919}.Debug|x64.ActiveCfg = Debug|x64
		{1F9F8725-B537-4F23-BA57-A7B7A549C919}.Debug|x64.Build.0 = Debug|x64
		{1F9F8725-B537-4F23-BA57-A7B7A549C919}.Debug|x86.ActiveCfg = Debug|Win32
		{1F9F8725-B537-4F23-BA57-A7B7A549C919}.Debug|x86.Build.0 = Debug|Win32
		{1F9F8725-B537-4F23-BA57-A7B7A549C919}.Release|x64.ActiveCfg = Release|x64
		{1F9F8725-B537-4F23-BA57-A7B7A549C919}.Release|x64.Build.0 = Release|x64
		{1F9F8725-B537-4F23-BA57-A7B7A549C919}.Release|x86.ActiveCfg = Release|Win32
		{1F9F8725-B537-4F23-BA57-A7B7A549C919}.Release|x86.Build.0 = Release|Win32
		{DA3E2699-BD75-4451-A999-F000FA4D647D}.Debug|x64.ActiveCfg = Debug|x64
		{DA3E2699-BD75-4451-A999-F000FA4D647D}.Debug|x64.Build.0 = Debug|x64
		{DA3E2699-BD75-4451-A999-F000FA4D647D}.Debug|x86.ActiveCfg = Debug|Win32
		{DA3E2699-BD75-4451-A999-F000FA4D647D}.Debug|x86.Build.0 = Debug|Win32
		{DA3E2699-BD75-4451-A999-F000FA4D647D}.Release|x64.ActiveCfg = Release|x64
		{DA3E2699-BD75-4451-A999-F000FA4D647D}.Release|x64.Build.0 = Release|x64
		{DA3E2699-BD75-4451-A999-F000FA4D647D}.Release|x86.ActiveCfg = Release|Win32
		{DA3E2699-BD75-4451-A999-F000FA4D647D}.Release|x86.Build.0 = Release|Win32
		{6623E015-D5A1-49C5-85C1-4340A3692852}.Debug|x64.ActiveCfg = Debug|x64
		{6623E015-D5A1-49C5-85C1-4340A3692852}.Debug|x64.Build.0 = Debug|x64
		{6623E015-D5A1-49C5-85C1-4340A3692852}.Debug|x86.ActiveCfg = Debug|Win32
		{6623E015-D5A1-49C5-85C1-4340A3692852}.Debug|x86.Build.0 = Debug|Win32
		{6623E015-D5A1-49C5-85C1-4340A3692852}.Release|x64.ActiveCfg = Release|x64
		{6623E015-D5A1-49C5-85C1-4340A3692852}.Release|x64.Build.0 = Release|x64
		{6623E015-D5A1-49C5-85C1-4340A3692852}.Release|x86.ActiveCfg = Release|Win32
		{6623E015-D5A1-49C5-85C1-4340A3692852}.Release|x86.Build.0 = Release|Win32
		{E9CC9926-04E9-4DB2-817A-2F6924274D9E}.Debug|x64.ActiveCfg = Debug|x64
		{E9CC9926-04E9-4DB2-817A-2F6924274D9E}.Debug|x64.Build.0 = Debug|x64
		{E9CC9926-04E9-4DB2-817A-2F6924274D9E}.Debug|x86.ActiveCfg = Debug|Win32
		{E9CC9926-04E9-4DB2-817A-2F6924274D9E}.Debug|x86.Build.0 = Debug|Win32
		{E9CC9926-04E9-4DB2-817A-2F6924274D9E}.Release|x64.ActiveCfg = Release|x64
		{E9CC9926-04E9-4DB2-817A-2F6924274D9E}.Release|x64.Build.0 = Release|x64
		{E9CC9926-04E9-4DB2-817A-2F6924274D9E}.Release|x86.ActiveCfg = Release|Win32
		{E9CC9926-04E9-4DB2-817A-2F6924274D9E}.Release|x86.Build.0 = Release|Win32
		{67AAE232-4FB0-455E-81E6-395342CF0821}.Debug|x64.ActiveCfg = Debug|x64
		{67AAE232-4FB0-455E-81E6-395342CF0821}.Debug|x64.Build.0 = Debug|x64
		{67AAE232-4FB0-455E-81E6-395342CF0821}.Debug|x86.ActiveCfg = Debug|Win32
		{67AAE232-4FB0-455E-81E6-395342CF0821}.Debug|x86.Build.0 = Debug|Win32
		{67AAE232-4FB0-455E-81E6-395342CF0821}.Release|x64.ActiveCfg = Release|x64
		{67AAE232-4FB0-455E-81E6-395342CF0821}.Release|x64.Build.0 = Release|x64
		{67AAE232-4FB0-455E-81E6-395342CF0821}.Release|x86.ActiveCfg = Release|Win32
		{67AAE232-4FB0-455E-81E6-395342CF0821}.Release|x86.Build.0 = Release|Win32
		{A19AD789-A93E-4C6D-BB39-A3BA7B14FFB3}.Debug|x64.ActiveCfg = Debug|x64
		{A19AD789-A93E-4C6D-BB39-A3BA7B14FFB3}.Debug|x64.Build.0 = Debug|x64
		{A19AD789-A93E-4C6D-BB39-A3BA7B14FFB3}.Debug|x86.ActiveCfg = Debug|Win32
		{A19AD789-A93E-4C6D-BB39-A3BA7B14FFB3}.Debug|x86.Build.0 = Debug|Win32
		{A19AD789-A93E-4C6D-BB39-A3BA7B14FFB3}.Release|x64.ActiveCfg = Release|x64
		{A19AD789-A93E-4C6D-BB39-A3BA7B14FFB3}.Release|x64.Build.0 = Release|x64
		{A19AD789-A93E-4C6D-BB39-A3BA7B14FFB3}.Release|x86.ActiveCfg = Release|Win32
		{A19AD789-A93E-4C6D-BB39-A3BA7B14FFB3}.Release|x86.Build.0 = Release|Win32
	EndGlobalSection
	GlobalSection(SolutionProperties) = preSolution
		HideSolutionNode = FALSE
	EndGlobalSection
	GlobalSection(ExtensibilityGlobals) = postSolution
		SolutionGuid = {C580A414-5BD3-47B3-9485-30C5E510D12F}
	EndGlobalSection
EndGlobal
