
Microsoft Visual Studio Solution File, Format Version 12.00
# Visual Studio Version 16
VisualStudioVersion = 16.0.30406.217
MinimumVisualStudioVersion = 10.0.40219.1
Project("{FAE04EC0-301F-11D3-BF4B-00C04F79EFBC}") = "FirstApp", "FirstApp\FirstApp.csproj", "{66C7293B-7A4A-4E45-954D-875D5CD065C2}"
EndProject
Project("{FAE04EC0-301F-11D3-BF4B-00C04F79EFBC}") = "Game", "Game\Game.csproj", "{E471860B-37F4-45D9-8F07-D23027C2CD60}"
EndProject
Project("{FAE04EC0-301F-11D3-BF4B-00C04F79EFBC}") = "FormPerson", "FormPerson\FormPerson.csproj", "{AA17151B-5BDF-4158-8FDF-FECDF6F285D9}"
EndProject
Project("{FAE04EC0-301F-11D3-BF4B-00C04F79EFBC}") = "Lesson5", "Lesson5\Lesson5.csproj", "{A7BC9C01-1590-4273-8A2A-63D0816E2CB4}"
EndProject
Project("{FAE04EC0-301F-11D3-BF4B-00C04F79EFBC}") = "DinamicLable", "DinamicLable\DinamicLable.csproj", "{535CA936-B209-46B6-83A5-C386BE0ADEAA}"
EndProject
Project("{FAE04EC0-301F-11D3-BF4B-00C04F79EFBC}") = "List", "List\List.csproj", "{510A1C2C-2E9E-4B0A-852D-56FB6B69E2BF}"
EndProject
Project("{FAE04EC0-301F-11D3-BF4B-00C04F79EFBC}") = "Employee", "Employee\Employee.csproj", "{1B00B778-D7EE-4FE2-AF49-25E3A0EA7D40}"
EndProject
Project("{FAE04EC0-301F-11D3-BF4B-00C04F79EFBC}") = "ProgressBar", "ProgressBar\ProgressBar.csproj", "{59E6DBAB-52A2-4A10-8924-B43CFDDFAA34}"
EndProject
Project("{FAE04EC0-301F-11D3-BF4B-00C04F79EFBC}") = "ProgressBar2", "ProgressBar2\ProgressBar2.csproj", "{7CD4F369-44C2-4959-B0FC-6F1554140BD5}"
EndProject
Project("{FAE04EC0-301F-11D3-BF4B-00C04F79EFBC}") = "CheckBox", "CheckBox\CheckBox.csproj", "{38B4BC76-A6BB-455C-8BB8-042D4F054B16}"
EndProject
Project("{FAE04EC0-301F-11D3-BF4B-00C04F79EFBC}") = "TrackBar", "TrackBar\TrackBar.csproj", "{E1D678B9-9514-48E1-9941-DDD0BD795361}"
EndProject
Project("{FAE04EC0-301F-11D3-BF4B-00C04F79EFBC}") = "ControlBestOil", "ControlBestOil\ControlBestOil.csproj", "{23C768C4-8F10-4238-A44D-58D265227408}"
EndProject
Project("{FAE04EC0-301F-11D3-BF4B-00C04F79EFBC}") = "AdditionalForm", "AdditionalForm\AdditionalForm.csproj", "{2BE526DC-0EDD-4428-A415-C98997DF5A7B}"
EndProject
Project("{FAE04EC0-301F-11D3-BF4B-00C04F79EFBC}") = "AdditionaDialogues", "AdditionaDialogues\AdditionaDialogues.csproj", "{E11AF938-1639-4D55-9C7F-B5673FFE7D65}"
EndProject
Project("{FAE04EC0-301F-11D3-BF4B-00C04F79EFBC}") = "TextEditApp", "TextEditApp\TextEditApp.csproj", "{6934469C-482C-4271-911A-C537106B818F}"
EndProject
Project("{FAE04EC0-301F-11D3-BF4B-00C04F79EFBC}") = "FileTest", "FileTest\FileTest.csproj", "{C9F60180-68FC-4B09-AE9E-41332D56265E}"
EndProject
Project("{FAE04EC0-301F-11D3-BF4B-00C04F79EFBC}") = "Menu", "Menu\Menu.csproj", "{6526377B-A121-4266-AD96-75D52DB294C2}"
EndProject
Project("{FAE04EC0-301F-11D3-BF4B-00C04F79EFBC}") = "Notebook", "Notebook\Notebook.csproj", "{2105192A-1710-446D-8C89-3D3060752D88}"
EndProject
Project("{FAE04EC0-301F-11D3-BF4B-00C04F79EFBC}") = "GDI+Drawing", "GDI+Drawing\GDI+Drawing.csproj", "{00B5CF9C-03F1-483E-9BDB-B7976FB592E9}"
EndProject
Project("{FAE04EC0-301F-11D3-BF4B-00C04F79EFBC}") = "GDI+Menu", "GDI+Menu\GDI+Menu.csproj", "{B582553A-5AA5-4AA1-9945-3D81C8007973}"
EndProject
Global
	GlobalSection(SolutionConfigurationPlatforms) = preSolution
		Debug|Any CPU = Debug|Any CPU
		Release|Any CPU = Release|Any CPU
	EndGlobalSection
	GlobalSection(ProjectConfigurationPlatforms) = postSolution
		{66C7293B-7A4A-4E45-954D-875D5CD065C2}.Debug|Any CPU.ActiveCfg = Debug|Any CPU
		{66C7293B-7A4A-4E45-954D-875D5CD065C2}.Debug|Any CPU.Build.0 = Debug|Any CPU
		{66C7293B-7A4A-4E45-954D-875D5CD065C2}.Release|Any CPU.ActiveCfg = Release|Any CPU
		{66C7293B-7A4A-4E45-954D-875D5CD065C2}.Release|Any CPU.Build.0 = Release|Any CPU
		{E471860B-37F4-45D9-8F07-D23027C2CD60}.Debug|Any CPU.ActiveCfg = Debug|Any CPU
		{E471860B-37F4-45D9-8F07-D23027C2CD60}.Debug|Any CPU.Build.0 = Debug|Any CPU
		{E471860B-37F4-45D9-8F07-D23027C2CD60}.Release|Any CPU.ActiveCfg = Release|Any CPU
		{E471860B-37F4-45D9-8F07-D23027C2CD60}.Release|Any CPU.Build.0 = Release|Any CPU
		{AA17151B-5BDF-4158-8FDF-FECDF6F285D9}.Debug|Any CPU.ActiveCfg = Debug|Any CPU
		{AA17151B-5BDF-4158-8FDF-FECDF6F285D9}.Debug|Any CPU.Build.0 = Debug|Any CPU
		{AA17151B-5BDF-4158-8FDF-FECDF6F285D9}.Release|Any CPU.ActiveCfg = Release|Any CPU
		{AA17151B-5BDF-4158-8FDF-FECDF6F285D9}.Release|Any CPU.Build.0 = Release|Any CPU
		{A7BC9C01-1590-4273-8A2A-63D0816E2CB4}.Debug|Any CPU.ActiveCfg = Debug|Any CPU
		{A7BC9C01-1590-4273-8A2A-63D0816E2CB4}.Debug|Any CPU.Build.0 = Debug|Any CPU
		{A7BC9C01-1590-4273-8A2A-63D0816E2CB4}.Release|Any CPU.ActiveCfg = Release|Any CPU
		{A7BC9C01-1590-4273-8A2A-63D0816E2CB4}.Release|Any CPU.Build.0 = Release|Any CPU
		{535CA936-B209-46B6-83A5-C386BE0ADEAA}.Debug|Any CPU.ActiveCfg = Debug|Any CPU
		{535CA936-B209-46B6-83A5-C386BE0ADEAA}.Debug|Any CPU.Build.0 = Debug|Any CPU
		{535CA936-B209-46B6-83A5-C386BE0ADEAA}.Release|Any CPU.ActiveCfg = Release|Any CPU
		{535CA936-B209-46B6-83A5-C386BE0ADEAA}.Release|Any CPU.Build.0 = Release|Any CPU
		{510A1C2C-2E9E-4B0A-852D-56FB6B69E2BF}.Debug|Any CPU.ActiveCfg = Debug|Any CPU
		{510A1C2C-2E9E-4B0A-852D-56FB6B69E2BF}.Debug|Any CPU.Build.0 = Debug|Any CPU
		{510A1C2C-2E9E-4B0A-852D-56FB6B69E2BF}.Release|Any CPU.ActiveCfg = Release|Any CPU
		{510A1C2C-2E9E-4B0A-852D-56FB6B69E2BF}.Release|Any CPU.Build.0 = Release|Any CPU
		{1B00B778-D7EE-4FE2-AF49-25E3A0EA7D40}.Debug|Any CPU.ActiveCfg = Debug|Any CPU
		{1B00B778-D7EE-4FE2-AF49-25E3A0EA7D40}.Debug|Any CPU.Build.0 = Debug|Any CPU
		{1B00B778-D7EE-4FE2-AF49-25E3A0EA7D40}.Release|Any CPU.ActiveCfg = Release|Any CPU
		{1B00B778-D7EE-4FE2-AF49-25E3A0EA7D40}.Release|Any CPU.Build.0 = Release|Any CPU
		{59E6DBAB-52A2-4A10-8924-B43CFDDFAA34}.Debug|Any CPU.ActiveCfg = Debug|Any CPU
		{59E6DBAB-52A2-4A10-8924-B43CFDDFAA34}.Debug|Any CPU.Build.0 = Debug|Any CPU
		{59E6DBAB-52A2-4A10-8924-B43CFDDFAA34}.Release|Any CPU.ActiveCfg = Release|Any CPU
		{59E6DBAB-52A2-4A10-8924-B43CFDDFAA34}.Release|Any CPU.Build.0 = Release|Any CPU
		{7CD4F369-44C2-4959-B0FC-6F1554140BD5}.Debug|Any CPU.ActiveCfg = Debug|Any CPU
		{7CD4F369-44C2-4959-B0FC-6F1554140BD5}.Debug|Any CPU.Build.0 = Debug|Any CPU
		{7CD4F369-44C2-4959-B0FC-6F1554140BD5}.Release|Any CPU.ActiveCfg = Release|Any CPU
		{7CD4F369-44C2-4959-B0FC-6F1554140BD5}.Release|Any CPU.Build.0 = Release|Any CPU
		{38B4BC76-A6BB-455C-8BB8-042D4F054B16}.Debug|Any CPU.ActiveCfg = Debug|Any CPU
		{38B4BC76-A6BB-455C-8BB8-042D4F054B16}.Debug|Any CPU.Build.0 = Debug|Any CPU
		{38B4BC76-A6BB-455C-8BB8-042D4F054B16}.Release|Any CPU.ActiveCfg = Release|Any CPU
		{38B4BC76-A6BB-455C-8BB8-042D4F054B16}.Release|Any CPU.Build.0 = Release|Any CPU
		{E1D678B9-9514-48E1-9941-DDD0BD795361}.Debug|Any CPU.ActiveCfg = Debug|Any CPU
		{E1D678B9-9514-48E1-9941-DDD0BD795361}.Debug|Any CPU.Build.0 = Debug|Any CPU
		{E1D678B9-9514-48E1-9941-DDD0BD795361}.Release|Any CPU.ActiveCfg = Release|Any CPU
		{E1D678B9-9514-48E1-9941-DDD0BD795361}.Release|Any CPU.Build.0 = Release|Any CPU
		{23C768C4-8F10-4238-A44D-58D265227408}.Debug|Any CPU.ActiveCfg = Debug|Any CPU
		{23C768C4-8F10-4238-A44D-58D265227408}.Debug|Any CPU.Build.0 = Debug|Any CPU
		{23C768C4-8F10-4238-A44D-58D265227408}.Release|Any CPU.ActiveCfg = Release|Any CPU
		{23C768C4-8F10-4238-A44D-58D265227408}.Release|Any CPU.Build.0 = Release|Any CPU
		{2BE526DC-0EDD-4428-A415-C98997DF5A7B}.Debug|Any CPU.ActiveCfg = Debug|Any CPU
		{2BE526DC-0EDD-4428-A415-C98997DF5A7B}.Debug|Any CPU.Build.0 = Debug|Any CPU
		{2BE526DC-0EDD-4428-A415-C98997DF5A7B}.Release|Any CPU.ActiveCfg = Release|Any CPU
		{2BE526DC-0EDD-4428-A415-C98997DF5A7B}.Release|Any CPU.Build.0 = Release|Any CPU
		{E11AF938-1639-4D55-9C7F-B5673FFE7D65}.Debug|Any CPU.ActiveCfg = Debug|Any CPU
		{E11AF938-1639-4D55-9C7F-B5673FFE7D65}.Debug|Any CPU.Build.0 = Debug|Any CPU
		{E11AF938-1639-4D55-9C7F-B5673FFE7D65}.Release|Any CPU.ActiveCfg = Release|Any CPU
		{E11AF938-1639-4D55-9C7F-B5673FFE7D65}.Release|Any CPU.Build.0 = Release|Any CPU
		{6934469C-482C-4271-911A-C537106B818F}.Debug|Any CPU.ActiveCfg = Debug|Any CPU
		{6934469C-482C-4271-911A-C537106B818F}.Debug|Any CPU.Build.0 = Debug|Any CPU
		{6934469C-482C-4271-911A-C537106B818F}.Release|Any CPU.ActiveCfg = Release|Any CPU
		{6934469C-482C-4271-911A-C537106B818F}.Release|Any CPU.Build.0 = Release|Any CPU
		{C9F60180-68FC-4B09-AE9E-41332D56265E}.Debug|Any CPU.ActiveCfg = Debug|Any CPU
		{C9F60180-68FC-4B09-AE9E-41332D56265E}.Debug|Any CPU.Build.0 = Debug|Any CPU
		{C9F60180-68FC-4B09-AE9E-41332D56265E}.Release|Any CPU.ActiveCfg = Release|Any CPU
		{C9F60180-68FC-4B09-AE9E-41332D56265E}.Release|Any CPU.Build.0 = Release|Any CPU
		{6526377B-A121-4266-AD96-75D52DB294C2}.Debug|Any CPU.ActiveCfg = Debug|Any CPU
		{6526377B-A121-4266-AD96-75D52DB294C2}.Debug|Any CPU.Build.0 = Debug|Any CPU
		{6526377B-A121-4266-AD96-75D52DB294C2}.Release|Any CPU.ActiveCfg = Release|Any CPU
		{6526377B-A121-4266-AD96-75D52DB294C2}.Release|Any CPU.Build.0 = Release|Any CPU
		{2105192A-1710-446D-8C89-3D3060752D88}.Debug|Any CPU.ActiveCfg = Debug|Any CPU
		{2105192A-1710-446D-8C89-3D3060752D88}.Debug|Any CPU.Build.0 = Debug|Any CPU
		{2105192A-1710-446D-8C89-3D3060752D88}.Release|Any CPU.ActiveCfg = Release|Any CPU
		{2105192A-1710-446D-8C89-3D3060752D88}.Release|Any CPU.Build.0 = Release|Any CPU
		{00B5CF9C-03F1-483E-9BDB-B7976FB592E9}.Debug|Any CPU.ActiveCfg = Debug|Any CPU
		{00B5CF9C-03F1-483E-9BDB-B7976FB592E9}.Debug|Any CPU.Build.0 = Debug|Any CPU
		{00B5CF9C-03F1-483E-9BDB-B7976FB592E9}.Release|Any CPU.ActiveCfg = Release|Any CPU
		{00B5CF9C-03F1-483E-9BDB-B7976FB592E9}.Release|Any CPU.Build.0 = Release|Any CPU
		{B582553A-5AA5-4AA1-9945-3D81C8007973}.Debug|Any CPU.ActiveCfg = Debug|Any CPU
		{B582553A-5AA5-4AA1-9945-3D81C8007973}.Debug|Any CPU.Build.0 = Debug|Any CPU
		{B582553A-5AA5-4AA1-9945-3D81C8007973}.Release|Any CPU.ActiveCfg = Release|Any CPU
		{B582553A-5AA5-4AA1-9945-3D81C8007973}.Release|Any CPU.Build.0 = Release|Any CPU
	EndGlobalSection
	GlobalSection(SolutionProperties) = preSolution
		HideSolutionNode = FALSE
	EndGlobalSection
	GlobalSection(ExtensibilityGlobals) = postSolution
		SolutionGuid = {7FB7EC40-6395-4655-9949-FA1CB014FE22}
	EndGlobalSection
EndGlobal
