
Microsoft Visual Studio Solution File, Format Version 12.00
# Visual Studio Version 16
VisualStudioVersion = 16.0.30804.86
MinimumVisualStudioVersion = 10.0.40219.1
Project("{8BC9CEB8-8B4A-11D0-8D11-00A0C91BC942}") = "7", "OOP3\OOP3.vcxproj", "{642A2211-7258-41C4-95D9-4D7408238F23}"
EndProject
Project("{8BC9CEB8-8B4A-11D0-8D11-00A0C91BC942}") = "Stack", "Stack\Stack.vcxproj", "{F9D8BC6B-C6B3-4EFE-9B9F-3BA6C20695AD}"
EndProject
Project("{8BC9CEB8-8B4A-11D0-8D11-00A0C91BC942}") = "Queue1", "Queue1\Queue1.vcxproj", "{9A06F126-37DF-44D8-AD97-7150E12E5DF7}"
EndProject
Project("{8BC9CEB8-8B4A-11D0-8D11-00A0C91BC942}") = "Queue2", "Queue2\Queue2.vcxproj", "{8219974C-5B0A-4459-B417-241BD875AA7D}"
EndProject
Project("{8BC9CEB8-8B4A-11D0-8D11-00A0C91BC942}") = "List", "List\List.vcxproj", "{1BD57C62-3931-47BB-8DD3-C7C6C1DF85CE}"
EndProject
Global
	GlobalSection(SolutionConfigurationPlatforms) = preSolution
		Debug|x64 = Debug|x64
		Debug|x86 = Debug|x86
		Release|x64 = Release|x64
		Release|x86 = Release|x86
	EndGlobalSection
	GlobalSection(ProjectConfigurationPlatforms) = postSolution
		{642A2211-7258-41C4-95D9-4D7408238F23}.Debug|x64.ActiveCfg = Debug|x64
		{642A2211-7258-41C4-95D9-4D7408238F23}.Debug|x64.Build.0 = Debug|x64
		{642A2211-7258-41C4-95D9-4D7408238F23}.Debug|x86.ActiveCfg = Debug|Win32
		{642A2211-7258-41C4-95D9-4D7408238F23}.Debug|x86.Build.0 = Debug|Win32
		{642A2211-7258-41C4-95D9-4D7408238F23}.Release|x64.ActiveCfg = Release|x64
		{642A2211-7258-41C4-95D9-4D7408238F23}.Release|x64.Build.0 = Release|x64
		{642A2211-7258-41C4-95D9-4D7408238F23}.Release|x86.ActiveCfg = Release|Win32
		{642A2211-7258-41C4-95D9-4D7408238F23}.Release|x86.Build.0 = Release|Win32
		{F9D8BC6B-C6B3-4EFE-9B9F-3BA6C20695AD}.Debug|x64.ActiveCfg = Debug|x64
		{F9D8BC6B-C6B3-4EFE-9B9F-3BA6C20695AD}.Debug|x64.Build.0 = Debug|x64
		{F9D8BC6B-C6B3-4EFE-9B9F-3BA6C20695AD}.Debug|x86.ActiveCfg = Debug|Win32
		{F9D8BC6B-C6B3-4EFE-9B9F-3BA6C20695AD}.Debug|x86.Build.0 = Debug|Win32
		{F9D8BC6B-C6B3-4EFE-9B9F-3BA6C20695AD}.Release|x64.ActiveCfg = Release|x64
		{F9D8BC6B-C6B3-4EFE-9B9F-3BA6C20695AD}.Release|x64.Build.0 = Release|x64
		{F9D8BC6B-C6B3-4EFE-9B9F-3BA6C20695AD}.Release|x86.ActiveCfg = Release|Win32
		{F9D8BC6B-C6B3-4EFE-9B9F-3BA6C20695AD}.Release|x86.Build.0 = Release|Win32
		{9A06F126-37DF-44D8-AD97-7150E12E5DF7}.Debug|x64.ActiveCfg = Debug|x64
		{9A06F126-37DF-44D8-AD97-7150E12E5DF7}.Debug|x64.Build.0 = Debug|x64
		{9A06F126-37DF-44D8-AD97-7150E12E5DF7}.Debug|x86.ActiveCfg = Debug|Win32
		{9A06F126-37DF-44D8-AD97-7150E12E5DF7}.Debug|x86.Build.0 = Debug|Win32
		{9A06F126-37DF-44D8-AD97-7150E12E5DF7}.Release|x64.ActiveCfg = Release|x64
		{9A06F126-37DF-44D8-AD97-7150E12E5DF7}.Release|x64.Build.0 = Release|x64
		{9A06F126-37DF-44D8-AD97-7150E12E5DF7}.Release|x86.ActiveCfg = Release|Win32
		{9A06F126-37DF-44D8-AD97-7150E12E5DF7}.Release|x86.Build.0 = Release|Win32
		{8219974C-5B0A-4459-B417-241BD875AA7D}.Debug|x64.ActiveCfg = Debug|x64
		{8219974C-5B0A-4459-B417-241BD875AA7D}.Debug|x64.Build.0 = Debug|x64
		{8219974C-5B0A-4459-B417-241BD875AA7D}.Debug|x86.ActiveCfg = Debug|Win32
		{8219974C-5B0A-4459-B417-241BD875AA7D}.Debug|x86.Build.0 = Debug|Win32
		{8219974C-5B0A-4459-B417-241BD875AA7D}.Release|x64.ActiveCfg = Release|x64
		{8219974C-5B0A-4459-B417-241BD875AA7D}.Release|x64.Build.0 = Release|x64
		{8219974C-5B0A-4459-B417-241BD875AA7D}.Release|x86.ActiveCfg = Release|Win32
		{8219974C-5B0A-4459-B417-241BD875AA7D}.Release|x86.Build.0 = Release|Win32
		{1BD57C62-3931-47BB-8DD3-C7C6C1DF85CE}.Debug|x64.ActiveCfg = Debug|x64
		{1BD57C62-3931-47BB-8DD3-C7C6C1DF85CE}.Debug|x64.Build.0 = Debug|x64
		{1BD57C62-3931-47BB-8DD3-C7C6C1DF85CE}.Debug|x86.ActiveCfg = Debug|Win32
		{1BD57C62-3931-47BB-8DD3-C7C6C1DF85CE}.Debug|x86.Build.0 = Debug|Win32
		{1BD57C62-3931-47BB-8DD3-C7C6C1DF85CE}.Release|x64.ActiveCfg = Release|x64
		{1BD57C62-3931-47BB-8DD3-C7C6C1DF85CE}.Release|x64.Build.0 = Release|x64
		{1BD57C62-3931-47BB-8DD3-C7C6C1DF85CE}.Release|x86.ActiveCfg = Release|Win32
		{1BD57C62-3931-47BB-8DD3-C7C6C1DF85CE}.Release|x86.Build.0 = Release|Win32
	EndGlobalSection
	GlobalSection(SolutionProperties) = preSolution
		HideSolutionNode = FALSE
	EndGlobalSection
	GlobalSection(ExtensibilityGlobals) = postSolution
		SolutionGuid = {FCCF89AF-ADF4-4804-9470-D5FD825FB12F}
	EndGlobalSection
EndGlobal
